
Microsoft Visual Studio Solution File, Format Version 12.00
# Visual Studio Version 17
VisualStudioVersion = 17.10.35027.167
MinimumVisualStudioVersion = 10.0.40219.1
Project("{9A19103F-16F7-4668-BE54-9A1E7A4F7556}") = "Blog.API", "src\Blog.API\Blog.API.csproj", "{E83D55ED-335E-4F67-B980-C5E24B45A0FC}"
EndProject
Project("{9A19103F-16F7-4668-BE54-9A1E7A4F7556}") = "Blog.Application", "src\Blog.Application\Blog.Application.csproj", "{0E49A497-8809-4310-A3DE-D2E8AB52A0FA}"
EndProject
Project("{9A19103F-16F7-4668-BE54-9A1E7A4F7556}") = "Blog.Domain", "src\Blog.Domain\Blog.Domain.csproj", "{E9E888F2-0A9A-49F4-936E-259D08DA68DC}"
EndProject
Project("{9A19103F-16F7-4668-BE54-9A1E7A4F7556}") = "Blog.Infrastructure", "src\Blog.Infrastructure\Blog.Infrastructure.csproj", "{2EF3EC61-8D82-473F-A2DF-7297F15ADA2B}"
EndProject
Project("{9A19103F-16F7-4668-BE54-9A1E7A4F7556}") = "Blog.API.Tests", "tests\Blog.API.Tests\Blog.API.Tests.csproj", "{A803965A-05D0-4B70-AED1-BAA5AEF27D3D}"
EndProject
Project("{9A19103F-16F7-4668-BE54-9A1E7A4F7556}") = "Blog.Application.Tests", "tests\Blog.Application.Tests\Blog.Application.Tests.csproj", "{AEF4D37B-E3AD-471C-9A43-5CFF67AC8217}"
EndProject
Project("{9A19103F-16F7-4668-BE54-9A1E7A4F7556}") = "Blog.Domain.Tests", "tests\Blog.Domain.Tests\Blog.Domain.Tests.csproj", "{E8AB68D7-2B3B-459F-8742-4F2AA224236B}"
EndProject
Project("{9A19103F-16F7-4668-BE54-9A1E7A4F7556}") = "Blog.Infrastructure.Tests", "tests\Blog.Infrastructure.Tests\Blog.Infrastructure.Tests.csproj", "{5E2F90F1-8211-464B-91CD-457B3DB8081C}"
EndProject
Global
	GlobalSection(SolutionConfigurationPlatforms) = preSolution
		Debug|Any CPU = Debug|Any CPU
		Release|Any CPU = Release|Any CPU
	EndGlobalSection
	GlobalSection(ProjectConfigurationPlatforms) = postSolution
		{E83D55ED-335E-4F67-B980-C5E24B45A0FC}.Debug|Any CPU.ActiveCfg = Debug|Any CPU
		{E83D55ED-335E-4F67-B980-C5E24B45A0FC}.Debug|Any CPU.Build.0 = Debug|Any CPU
		{E83D55ED-335E-4F67-B980-C5E24B45A0FC}.Release|Any CPU.ActiveCfg = Release|Any CPU
		{E83D55ED-335E-4F67-B980-C5E24B45A0FC}.Release|Any CPU.Build.0 = Release|Any CPU
		{0E49A497-8809-4310-A3DE-D2E8AB52A0FA}.Debug|Any CPU.ActiveCfg = Debug|Any CPU
		{0E49A497-8809-4310-A3DE-D2E8AB52A0FA}.Debug|Any CPU.Build.0 = Debug|Any CPU
		{0E49A497-8809-4310-A3DE-D2E8AB52A0FA}.Release|Any CPU.ActiveCfg = Release|Any CPU
		{0E49A497-8809-4310-A3DE-D2E8AB52A0FA}.Release|Any CPU.Build.0 = Release|Any CPU
		{E9E888F2-0A9A-49F4-936E-259D08DA68DC}.Debug|Any CPU.ActiveCfg = Debug|Any CPU
		{E9E888F2-0A9A-49F4-936E-259D08DA68DC}.Debug|Any CPU.Build.0 = Debug|Any CPU
		{E9E888F2-0A9A-49F4-936E-259D08DA68DC}.Release|Any CPU.ActiveCfg = Release|Any CPU
		{E9E888F2-0A9A-49F4-936E-259D08DA68DC}.Release|Any CPU.Build.0 = Release|Any CPU
		{2EF3EC61-8D82-473F-A2DF-7297F15ADA2B}.Debug|Any CPU.ActiveCfg = Debug|Any CPU
		{2EF3EC61-8D82-473F-A2DF-7297F15ADA2B}.Debug|Any CPU.Build.0 = Debug|Any CPU
		{2EF3EC61-8D82-473F-A2DF-7297F15ADA2B}.Release|Any CPU.ActiveCfg = Release|Any CPU
		{2EF3EC61-8D82-473F-A2DF-7297F15ADA2B}.Release|Any CPU.Build.0 = Release|Any CPU
		{A803965A-05D0-4B70-AED1-BAA5AEF27D3D}.Debug|Any CPU.ActiveCfg = Debug|Any CPU
		{A803965A-05D0-4B70-AED1-BAA5AEF27D3D}.Debug|Any CPU.Build.0 = Debug|Any CPU
		{A803965A-05D0-4B70-AED1-BAA5AEF27D3D}.Release|Any CPU.ActiveCfg = Release|Any CPU
		{A803965A-05D0-4B70-AED1-BAA5AEF27D3D}.Release|Any CPU.Build.0 = Release|Any CPU
		{AEF4D37B-E3AD-471C-9A43-5CFF67AC8217}.Debug|Any CPU.ActiveCfg = Debug|Any CPU
		{AEF4D37B-E3AD-471C-9A43-5CFF67AC8217}.Debug|Any CPU.Build.0 = Debug|Any CPU
		{AEF4D37B-E3AD-471C-9A43-5CFF67AC8217}.Release|Any CPU.ActiveCfg = Release|Any CPU
		{AEF4D37B-E3AD-471C-9A43-5CFF67AC8217}.Release|Any CPU.Build.0 = Release|Any CPU
		{E8AB68D7-2B3B-459F-8742-4F2AA224236B}.Debug|Any CPU.ActiveCfg = Debug|Any CPU
		{E8AB68D7-2B3B-459F-8742-4F2AA224236B}.Debug|Any CPU.Build.0 = Debug|Any CPU
		{E8AB68D7-2B3B-459F-8742-4F2AA224236B}.Release|Any CPU.ActiveCfg = Release|Any CPU
		{E8AB68D7-2B3B-459F-8742-4F2AA224236B}.Release|Any CPU.Build.0 = Release|Any CPU
		{5E2F90F1-8211-464B-91CD-457B3DB8081C}.Debug|Any CPU.ActiveCfg = Debug|Any CPU
		{5E2F90F1-8211-464B-91CD-457B3DB8081C}.Debug|Any CPU.Build.0 = Debug|Any CPU
		{5E2F90F1-8211-464B-91CD-457B3DB8081C}.Release|Any CPU.ActiveCfg = Release|Any CPU
		{5E2F90F1-8211-464B-91CD-457B3DB8081C}.Release|Any CPU.Build.0 = Release|Any CPU
	EndGlobalSection
	GlobalSection(SolutionProperties) = preSolution
		HideSolutionNode = FALSE
	EndGlobalSection
	GlobalSection(ExtensibilityGlobals) = postSolution
		SolutionGuid = {FAC4B22B-B8BD-4679-8072-F814C076CC0F}
	EndGlobalSection
EndGlobal
